
Microsoft Visual Studio Solution File, Format Version 12.00
# Visual Studio 15
VisualStudioVersion = 15.0.34112.143
MinimumVisualStudioVersion = 10.0.40219.1
Project("{8BC9CEB8-8B4A-11D0-8D11-00A0C91BC942}") = "Trunnion", "Trunnion\Trunnion.vcxproj", "{A91FC06F-7384-4322-97C3-84B1DB05CE9D}"
EndProject
Global
	GlobalSection(SolutionConfigurationPlatforms) = preSolution
		Debug|x64 = Debug|x64
		Debug|x86 = Debug|x86
		Release|x64 = Release|x64
		Release|x86 = Release|x86
	EndGlobalSection
	GlobalSection(ProjectConfigurationPlatforms) = postSolution
		{A91FC06F-7384-4322-97C3-84B1DB05CE9D}.Debug|x64.ActiveCfg = Debug|x64
		{A91FC06F-7384-4322-97C3-84B1DB05CE9D}.Debug|x64.Build.0 = Debug|x64
		{A91FC06F-7384-4322-97C3-84B1DB05CE9D}.Debug|x86.ActiveCfg = Debug|Win32
		{A91FC06F-7384-4322-97C3-84B1DB05CE9D}.Debug|x86.Build.0 = Debug|Win32
		{A91FC06F-7384-4322-97C3-84B1DB05CE9D}.Release|x64.ActiveCfg = Release|x64
		{A91FC06F-7384-4322-97C3-84B1DB05CE9D}.Release|x64.Build.0 = Release|x64
		{A91FC06F-7384-4322-97C3-84B1DB05CE9D}.Release|x86.ActiveCfg = Release|x64
	EndGlobalSection
	GlobalSection(SolutionProperties) = preSolution
		HideSolutionNode = FALSE
	EndGlobalSection
	GlobalSection(ExtensibilityGlobals) = postSolution
		SolutionGuid = {C87718D9-6D9B-4524-BF72-8DAB13A75051}
	EndGlobalSection
EndGlobal
